<?xml version="1.0" encoding="utf-8"?>
<Project ToolsVersion="4.0" xmlns="http://schemas.microsoft.com/developer/msbuild/2003">
  <ItemGroup>
    <Filter Include="Source Files">
      <UniqueIdentifier>{4FC737F1-C7A5-4376-A066-2A32D752A2FF}</UniqueIdentifier>
      <Extensions>cpp;c;cc;cxx;def;odl;idl;hpj;bat;asm;asmx</Extensions>
    </Filter>
    <Filter Include="Header Files">
      <UniqueIdentifier>{93995380-89BD-4b04-88EB-625FBE52EBFB}</UniqueIdentifier>
      <Extensions>h;hh;hpp;hxx;hm;inl;inc;ipp;xsd</Extensions>
    </Filter>
    <Filter Include="Resource Files">
      <UniqueIdentifier>{67DA6AB6-F800-4c08-8B7A-83BB121AAD01}</UniqueIdentifier>
      <Extensions>rc;ico;cur;bmp;dlg;rc2;rct;bin;rgs;gif;jpg;jpeg;jpe;resx;tiff;tif;png;wav;mfcribbon-ms</Extensions>
    </Filter>
    <Filter Include="Header Files\FileHandlers">
      <UniqueIdentifier>{5696b8c7-f4c7-4b00-bc43-1dbf59d30ea3}</UniqueIdentifier>
    </Filter>
    <Filter Include="Source Files\FileHandlers">
      <UniqueIdentifier>{fefea4cf-84e4-406e-a541-73d2306cb96e}</UniqueIdentifier>
    </Filter>
  </ItemGroup>
  <ItemGroup>
    <ClInclude Include="stdafx.h">
      <Filter>Header Files</Filter>
    </ClInclude>
    <ClInclude Include="targetver.h">
      <Filter>Header Files</Filter>
    </ClInclude>
    <ClInclude Include="Plane.h">
      <Filter>Header Files</Filter>
    </ClInclude>
    <ClInclude Include="Reservation.h">
      <Filter>Header Files</Filter>
    </ClInclude>
    <ClInclude Include="Flight.h">
      <Filter>Header Files</Filter>
    </ClInclude>
    <ClInclude Include="Customer.h">
      <Filter>Header Files</Filter>
    </ClInclude>
    <ClInclude Include="FileHandlerA.h">
      <Filter>Header Files\FileHandlers</Filter>
    </ClInclude>
    <ClInclude Include="FileHandlerC.h">
      <Filter>Header Files\FileHandlers</Filter>
    </ClInclude>
    <ClInclude Include="FileHandlerD.h">
      <Filter>Header Files\FileHandlers</Filter>
    </ClInclude>
    <ClInclude Include="FileHandlerF.h">
      <Filter>Header Files\FileHandlers</Filter>
    </ClInclude>
    <ClInclude Include="FileHandlerP.h">
      <Filter>Header Files\FileHandlers</Filter>
    </ClInclude>
    <ClInclude Include="FileHandlerR.h">
      <Filter>Header Files\FileHandlers</Filter>
    </ClInclude>
    <ClInclude Include="Airport.h">
      <Filter>Header Files</Filter>
    </ClInclude>
    <ClInclude Include="FlightService.h">
      <Filter>Header Files</Filter>
    </ClInclude>
    <ClInclude Include="MenuHandler.h">
      <Filter>Header Files</Filter>
    </ClInclude>
  </ItemGroup>
  <ItemGroup>
    <ClCompile Include="stdafx.cpp">
      <Filter>Source Files</Filter>
    </ClCompile>
    <ClCompile Include="FlightBookingSystem.cpp">
      <Filter>Source Files</Filter>
    </ClCompile>
    <ClCompile Include="Plane.cpp">
      <Filter>Source Files</Filter>
    </ClCompile>
    <ClCompile Include="Reservation.cpp">
      <Filter>Source Files</Filter>
    </ClCompile>
    <ClCompile Include="Flight.cpp">
      <Filter>Source Files</Filter>
    </ClCompile>
    <ClCompile Include="Customer.cpp">
      <Filter>Source Files</Filter>
    </ClCompile>
    <ClCompile Include="FileHandlerP.cpp">
      <Filter>Source Files\FileHandlers</Filter>
    </ClCompile>
    <ClCompile Include="FileHandlerR.cpp">
      <Filter>Source Files\FileHandlers</Filter>
    </ClCompile>
    <ClCompile Include="FileHandlerA.cpp">
      <Filter>Source Files\FileHandlers</Filter>
    </ClCompile>
    <ClCompile Include="FileHandlerC.cpp">
      <Filter>Source Files\FileHandlers</Filter>
    </ClCompile>
    <ClCompile Include="FileHandlerD.cpp">
      <Filter>Source Files\FileHandlers</Filter>
    </ClCompile>
    <ClCompile Include="FileHandlerF.cpp">
      <Filter>Source Files\FileHandlers</Filter>
    </ClCompile>
    <ClCompile Include="Airport.cpp">
      <Filter>Source Files</Filter>
    </ClCompile>
    <ClCompile Include="FlightService.cpp">
      <Filter>Source Files</Filter>
    </ClCompile>
    <ClCompile Include="MenuHandler.cpp">
      <Filter>Source Files</Filter>
    </ClCompile>
  </ItemGroup>
</Project>